
Microsoft Visual Studio Solution File, Format Version 12.00
# Visual Studio Version 16
VisualStudioVersion = 16.0.32106.194
MinimumVisualStudioVersion = 10.0.40219.1
Project("{FAE04EC0-301F-11D3-BF4B-00C04F79EFBC}") = "Test", "Test\Test.csproj", "{BAA8E09C-53E8-4B1F-B5EC-65CF67935654}"
EndProject
Global
	GlobalSection(SolutionConfigurationPlatforms) = preSolution
		Debug|Any CPU = Debug|Any CPU
		Release|Any CPU = Release|Any CPU
	EndGlobalSection
	GlobalSection(ProjectConfigurationPlatforms) = postSolution
		{BAA8E09C-53E8-4B1F-B5EC-65CF67935654}.Debug|Any CPU.ActiveCfg = Debug|Any CPU
		{BAA8E09C-53E8-4B1F-B5EC-65CF67935654}.Debug|Any CPU.Build.0 = Debug|Any CPU
		{BAA8E09C-53E8-4B1F-B5EC-65CF67935654}.Release|Any CPU.ActiveCfg = Release|Any CPU
		{BAA8E09C-53E8-4B1F-B5EC-65CF67935654}.Release|Any CPU.Build.0 = Release|Any CPU
	EndGlobalSection
	GlobalSection(SolutionProperties) = preSolution
		HideSolutionNode = FALSE
	EndGlobalSection
	GlobalSection(ExtensibilityGlobals) = postSolution
		SolutionGuid = {EC0A3E58-E9DE-49D7-8CE8-BFC65B10AF34}
	EndGlobalSection
EndGlobal
